Microsoft Visual Studio Solution File, Format Version 12.00
# Visual Studio Version 17
VisualStudioVersion = 17.5.2.0
MinimumVisualStudioVersion = 10.0.40219.1
Project("{FAE04EC0-301F-11D3-BF4B-00C04F79EFBC}") = "NewbieDragon", "NewbieDragon.csproj", "{9CAA62F2-F0FE-FFCF-B0A2-88C6412CC44B}"
EndProject
Global
	GlobalSection(SolutionConfigurationPlatforms) = preSolution
		Debug|Any CPU = Debug|Any CPU
		Release|Any CPU = Release|Any CPU
	EndGlobalSection
	GlobalSection(ProjectConfigurationPlatforms) = postSolution
		{9CAA62F2-F0FE-FFCF-B0A2-88C6412CC44B}.Debug|Any CPU.ActiveCfg = Debug|Any CPU
		{9CAA62F2-F0FE-FFCF-B0A2-88C6412CC44B}.Debug|Any CPU.Build.0 = Debug|Any CPU
		{9CAA62F2-F0FE-FFCF-B0A2-88C6412CC44B}.Release|Any CPU.ActiveCfg = Release|Any CPU
		{9CAA62F2-F0FE-FFCF-B0A2-88C6412CC44B}.Release|Any CPU.Build.0 = Release|Any CPU
	EndGlobalSection
	GlobalSection(SolutionProperties) = preSolution
		HideSolutionNode = FALSE
	EndGlobalSection
	GlobalSection(ExtensibilityGlobals) = postSolution
		SolutionGuid = {16FA99CB-BDA0-444B-8155-04F8EC2CD225}
	EndGlobalSection
EndGlobal
